
Microsoft Visual Studio Solution File, Format Version 12.00
# Visual Studio Version 17
VisualStudioVersion = 17.3.32819.101
MinimumVisualStudioVersion = 10.0.40219.1
Project("{FAE04EC0-301F-11D3-BF4B-00C04F79EFBC}") = "WpfApp7", "WpfApp7.csproj", "{856458A7-0390-4D73-8FDE-3D78DADB9104}"
EndProject
Global
	GlobalSection(SolutionConfigurationPlatforms) = preSolution
		Debug|Any CPU = Debug|Any CPU
		Release|Any CPU = Release|Any CPU
	EndGlobalSection
	GlobalSection(ProjectConfigurationPlatforms) = postSolution
		{856458A7-0390-4D73-8FDE-3D78DADB9104}.Debug|Any CPU.ActiveCfg = Debug|Any CPU
		{856458A7-0390-4D73-8FDE-3D78DADB9104}.Debug|Any CPU.Build.0 = Debug|Any CPU
		{856458A7-0390-4D73-8FDE-3D78DADB9104}.Release|Any CPU.ActiveCfg = Release|Any CPU
		{856458A7-0390-4D73-8FDE-3D78DADB9104}.Release|Any CPU.Build.0 = Release|Any CPU
	EndGlobalSection
	GlobalSection(SolutionProperties) = preSolution
		HideSolutionNode = FALSE
	EndGlobalSection
	GlobalSection(ExtensibilityGlobals) = postSolution
		SolutionGuid = {6E5F2B84-88CB-459A-A4D9-191FE92A084B}
	EndGlobalSection
EndGlobal
